<?xml version="1.0" encoding="utf-8"?>
<Project ToolsVersion="4.0" xmlns="http://schemas.microsoft.com/developer/msbuild/2003">
  <ItemGroup>
    <Filter Include="Source Files">
      <UniqueIdentifier>{4FC737F1-C7A5-4376-A066-2A32D752A2FF}</UniqueIdentifier>
      <Extensions>cpp;c;cc;cxx;c++;cppm;ixx;def;odl;idl;hpj;bat;asm;asmx</Extensions>
    </Filter>
    <Filter Include="Header Files">
      <UniqueIdentifier>{93995380-89BD-4b04-88EB-625FBE52EBFB}</UniqueIdentifier>
      <Extensions>h;hh;hpp;hxx;h++;hm;inl;inc;ipp;xsd</Extensions>
    </Filter>
    <Filter Include="Resource Files">
      <UniqueIdentifier>{67DA6AB6-F800-4c08-8B7A-83BB121AAD01}</UniqueIdentifier>
      <Extensions>rc;ico;cur;bmp;dlg;rc2;rct;bin;rgs;gif;jpg;jpeg;jpe;resx;tiff;tif;png;wav;mfcribbon-ms</Extensions>
    </Filter>
  </ItemGroup>
  <ItemGroup>
    <ClInclude Include="framework.h">
      <Filter>Header Files</Filter>
    </ClInclude>
    <ClInclude Include="targetver.h">
      <Filter>Header Files</Filter>
    </ClInclude>
    <ClInclude Include="Resource.h">
      <Filter>Header Files</Filter>
    </ClInclude>
    <ClInclude Include="MidiPlayer.h">
      <Filter>Header Files</Filter>
    </ClInclude>
    <ClInclude Include="CFont.h">
      <Filter>Header Files</Filter>
    </ClInclude>
    <ClInclude Include="CGeneralMidiNames.h">
      <Filter>Header Files</Filter>
    </ClInclude>
    <ClInclude Include="CControllerNames.h">
      <Filter>Header Files</Filter>
    </ClInclude>
    <ClInclude Include="CMetaNames.h">
      <Filter>Header Files</Filter>
    </ClInclude>
    <ClInclude Include="CHeader.h">
      <Filter>Header Files</Filter>
    </ClInclude>
    <ClInclude Include="CTrack.h">
      <Filter>Header Files</Filter>
    </ClInclude>
    <ClInclude Include="CEvent.h">
      <Filter>Header Files</Filter>
    </ClInclude>
    <ClInclude Include="CMeta.h">
      <Filter>Header Files</Filter>
    </ClInclude>
    <ClInclude Include="CMidiFile.h">
      <Filter>Header Files</Filter>
    </ClInclude>
    <ClInclude Include="GeneralFunctions.h">
      <Filter>Header Files</Filter>
    </ClInclude>
    <ClInclude Include="CMidiPort.h">
      <Filter>Header Files</Filter>
    </ClInclude>
    <ClInclude Include="CMidiDevice.h">
      <Filter>Header Files</Filter>
    </ClInclude>
    <ClInclude Include="CLinkList.h">
      <Filter>Header Files</Filter>
    </ClInclude>
    <ClInclude Include="CLinkListNode.h">
      <Filter>Header Files</Filter>
    </ClInclude>
    <ClInclude Include="CString.h">
      <Filter>Header Files</Filter>
    </ClInclude>
  </ItemGroup>
  <ItemGroup>
    <ClCompile Include="MidiPlayer.cpp">
      <Filter>Source Files</Filter>
    </ClCompile>
    <ClCompile Include="CFont.cpp">
      <Filter>Source Files</Filter>
    </ClCompile>
    <ClCompile Include="GeneralFunctions.cpp">
      <Filter>Source Files</Filter>
    </ClCompile>
    <ClCompile Include="CGeneralMidiNames.cpp">
      <Filter>Source Files</Filter>
    </ClCompile>
    <ClCompile Include="CControllerNames.cpp">
      <Filter>Source Files</Filter>
    </ClCompile>
    <ClCompile Include="CMetaNames.cpp">
      <Filter>Source Files</Filter>
    </ClCompile>
    <ClCompile Include="CHeader.cpp">
      <Filter>Source Files</Filter>
    </ClCompile>
    <ClCompile Include="CTrack.cpp">
      <Filter>Source Files</Filter>
    </ClCompile>
    <ClCompile Include="CEvent.cpp">
      <Filter>Source Files</Filter>
    </ClCompile>
    <ClCompile Include="CMeta.cpp">
      <Filter>Source Files</Filter>
    </ClCompile>
    <ClCompile Include="CMidiFile.cpp">
      <Filter>Source Files</Filter>
    </ClCompile>
    <ClCompile Include="CMidiPort.cpp">
      <Filter>Source Files</Filter>
    </ClCompile>
    <ClCompile Include="CMidiDevice.cpp">
      <Filter>Source Files</Filter>
    </ClCompile>
    <ClCompile Include="CString.cpp">
      <Filter>Source Files</Filter>
    </ClCompile>
    <ClCompile Include="CLinkListNode.cpp">
      <Filter>Source Files</Filter>
    </ClCompile>
    <ClCompile Include="CLinkList.cpp">
      <Filter>Source Files</Filter>
    </ClCompile>
  </ItemGroup>
  <ItemGroup>
    <ResourceCompile Include="MidiPlayer.rc">
      <Filter>Resource Files</Filter>
    </ResourceCompile>
  </ItemGroup>
  <ItemGroup>
    <Image Include="small.ico">
      <Filter>Resource Files</Filter>
    </Image>
    <Image Include="MidiPlayer.ico">
      <Filter>Resource Files</Filter>
    </Image>
  </ItemGroup>
</Project>